
Microsoft Visual Studio Solution File, Format Version 12.00
# Visual Studio Version 16
VisualStudioVersion = 16.0.30413.136
MinimumVisualStudioVersion = 10.0.40219.1
Project("{9A19103F-16F7-4668-BE54-9A1E7A4F7556}") = "RandomSongSearchEngine", "RazorWebApplication\RandomSongSearchEngine.csproj", "{57F9C100-FA1B-4DD0-A816-0196B48EBD71}"
EndProject
Global
	GlobalSection(SolutionConfigurationPlatforms) = preSolution
		Debug|Any CPU = Debug|Any CPU
		Debug|x64 = Debug|x64
		Release|Any CPU = Release|Any CPU
		Release|x64 = Release|x64
	EndGlobalSection
	GlobalSection(ProjectConfigurationPlatforms) = postSolution
		{57F9C100-FA1B-4DD0-A816-0196B48EBD71}.Debug|Any CPU.ActiveCfg = Debug|Any CPU
		{57F9C100-FA1B-4DD0-A816-0196B48EBD71}.Debug|Any CPU.Build.0 = Debug|Any CPU
		{57F9C100-FA1B-4DD0-A816-0196B48EBD71}.Debug|x64.ActiveCfg = Debug|x64
		{57F9C100-FA1B-4DD0-A816-0196B48EBD71}.Debug|x64.Build.0 = Debug|x64
		{57F9C100-FA1B-4DD0-A816-0196B48EBD71}.Release|Any CPU.ActiveCfg = Release|Any CPU
		{57F9C100-FA1B-4DD0-A816-0196B48EBD71}.Release|Any CPU.Build.0 = Release|Any CPU
		{57F9C100-FA1B-4DD0-A816-0196B48EBD71}.Release|x64.ActiveCfg = Release|x64
		{57F9C100-FA1B-4DD0-A816-0196B48EBD71}.Release|x64.Build.0 = Release|x64
	EndGlobalSection
	GlobalSection(SolutionProperties) = preSolution
		HideSolutionNode = FALSE
	EndGlobalSection
	GlobalSection(ExtensibilityGlobals) = postSolution
		SolutionGuid = {0BCBAEC4-7C63-49C7-A34C-99E073B3A6DC}
	EndGlobalSection
EndGlobal
